<?xml version="1.0" encoding="utf-8"?>
<Project ToolsVersion="4.0" xmlns="http://schemas.microsoft.com/developer/msbuild/2003">
  <ItemGroup>
    <Filter Include="common">
      <UniqueIdentifier>{b9cafa71-9c42-4b50-a335-cfd3322e9993}</UniqueIdentifier>
    </Filter>
    <Filter Include="memory">
      <UniqueIdentifier>{b0f7c0b2-d629-415c-a5c3-8a280a5fad4d}</UniqueIdentifier>
    </Filter>
    <Filter Include="tojpeg">
      <UniqueIdentifier>{2aaad98d-a075-4993-b5e7-837f52d331ab}</UniqueIdentifier>
    </Filter>
    <Filter Include="rendering">
      <UniqueIdentifier>{4edbe2db-6fcf-4bd1-af8c-4121a93a50fc}</UniqueIdentifier>
    </Filter>
    <Filter Include="vector">
      <UniqueIdentifier>{696c8353-8683-49e8-9ce8-035a954a5909}</UniqueIdentifier>
    </Filter>
    <Filter Include="ray">
      <UniqueIdentifier>{41e42891-5f5a-4b2e-a666-2e6f00bfc3d0}</UniqueIdentifier>
    </Filter>
    <Filter Include="shapes">
      <UniqueIdentifier>{6ae2bc96-5908-471b-a81a-da291193a062}</UniqueIdentifier>
    </Filter>
    <Filter Include="shapes\sphere">
      <UniqueIdentifier>{e9edd393-d872-4847-99f8-4d536546e9c8}</UniqueIdentifier>
    </Filter>
    <Filter Include="shapes\hittable">
      <UniqueIdentifier>{3128b521-c71f-4e15-b257-c2c7307c028f}</UniqueIdentifier>
    </Filter>
    <Filter Include="scenes">
      <UniqueIdentifier>{d4e84ae7-0c9b-463c-b0b4-45f342084472}</UniqueIdentifier>
    </Filter>
  </ItemGroup>
  <ItemGroup>
    <ClInclude Include="namespaces.h">
      <Filter>common</Filter>
    </ClInclude>
    <ClInclude Include="common.h">
      <Filter>common</Filter>
    </ClInclude>
    <ClInclude Include="helper.h">
      <Filter>common</Filter>
    </ClInclude>
    <ClInclude Include="device_memory.h">
      <Filter>memory</Filter>
    </ClInclude>
    <ClInclude Include="toojpeg.h">
      <Filter>tojpeg</Filter>
    </ClInclude>
    <ClInclude Include="rendering.cuh">
      <Filter>rendering</Filter>
    </ClInclude>
    <ClInclude Include="random.h">
      <Filter>common</Filter>
    </ClInclude>
    <ClInclude Include="vector.h">
      <Filter>vector</Filter>
    </ClInclude>
    <ClInclude Include="get_color.h">
      <Filter>vector</Filter>
    </ClInclude>
    <ClInclude Include="ray.h">
      <Filter>ray</Filter>
    </ClInclude>
    <ClInclude Include="ray_color.h">
      <Filter>ray</Filter>
    </ClInclude>
    <ClInclude Include="sphere.h">
      <Filter>shapes\sphere</Filter>
    </ClInclude>
    <ClInclude Include="hittable.h">
      <Filter>shapes\hittable</Filter>
    </ClInclude>
    <ClInclude Include="hittable_list.h">
      <Filter>shapes\hittable</Filter>
    </ClInclude>
    <ClInclude Include="two_spheres.h">
      <Filter>scenes</Filter>
    </ClInclude>
  </ItemGroup>
  <ItemGroup>
    <None Include="readme.md" />
  </ItemGroup>
  <ItemGroup>
    <CudaCompile Include="main.cu" />
  </ItemGroup>
  <ItemGroup>
    <ClCompile Include="toojpeg.cpp">
      <Filter>tojpeg</Filter>
    </ClCompile>
  </ItemGroup>
</Project>