<?xml version="1.0" encoding="utf-8"?>
<Project ToolsVersion="4.0" xmlns="http://schemas.microsoft.com/developer/msbuild/2003">
  <ItemGroup>
    <Filter Include="render">
      <UniqueIdentifier>{7d58931d-c94e-442b-8ade-5f6ed67d226d}</UniqueIdentifier>
    </Filter>
    <Filter Include="common">
      <UniqueIdentifier>{b16892b2-7ed2-4bd3-9621-48f660dd1555}</UniqueIdentifier>
    </Filter>
    <Filter Include="vector3">
      <UniqueIdentifier>{cc01bd44-c67f-4bb9-b3ec-f53f2c8fd0df}</UniqueIdentifier>
    </Filter>
    <Filter Include="ray">
      <UniqueIdentifier>{28e96c3c-a9c3-4716-8f81-9fd21c822954}</UniqueIdentifier>
    </Filter>
    <Filter Include="scene">
      <UniqueIdentifier>{b067d048-7a4f-4c63-a20a-813ff9e1a948}</UniqueIdentifier>
    </Filter>
    <Filter Include="shapes">
      <UniqueIdentifier>{94e45212-b43b-4b22-b941-929307c2cfbc}</UniqueIdentifier>
    </Filter>
    <Filter Include="shapes\sphere">
      <UniqueIdentifier>{a72dcd26-36a4-4d0a-8399-0ef848095e4d}</UniqueIdentifier>
    </Filter>
    <Filter Include="materials">
      <UniqueIdentifier>{1d0bac4a-f073-492b-98e3-d992256aff3b}</UniqueIdentifier>
    </Filter>
  </ItemGroup>
  <ItemGroup>
    <ClInclude Include="rendering.h">
      <Filter>render</Filter>
    </ClInclude>
    <ClInclude Include="common.h">
      <Filter>common</Filter>
    </ClInclude>
    <ClInclude Include="vec3.h">
      <Filter>vector3</Filter>
    </ClInclude>
    <ClInclude Include="color.h">
      <Filter>vector3</Filter>
    </ClInclude>
    <ClInclude Include="ray.h">
      <Filter>ray</Filter>
    </ClInclude>
    <ClInclude Include="camera.h">
      <Filter>scene</Filter>
    </ClInclude>
    <ClInclude Include="simple_shapes.h">
      <Filter>shapes</Filter>
    </ClInclude>
    <ClInclude Include="ray_color.h">
      <Filter>ray</Filter>
    </ClInclude>
    <ClInclude Include="hittable.h">
      <Filter>shapes</Filter>
    </ClInclude>
    <ClInclude Include="sphere.h">
      <Filter>shapes\sphere</Filter>
    </ClInclude>
    <ClInclude Include="hittable_list.h">
      <Filter>shapes</Filter>
    </ClInclude>
    <ClInclude Include="random.h">
      <Filter>common</Filter>
    </ClInclude>
    <ClInclude Include="materials.h">
      <Filter>materials</Filter>
    </ClInclude>
    <ClInclude Include="default_scene_generator.h">
      <Filter>scene</Filter>
    </ClInclude>
  </ItemGroup>
  <ItemGroup>
    <ClCompile Include="rendering.cpp">
      <Filter>render</Filter>
    </ClCompile>
    <ClCompile Include="main.cpp" />
    <ClCompile Include="simple_shapes.cpp">
      <Filter>shapes</Filter>
    </ClCompile>
    <ClCompile Include="ray_color.cpp">
      <Filter>ray</Filter>
    </ClCompile>
    <ClCompile Include="sphere.cpp">
      <Filter>shapes\sphere</Filter>
    </ClCompile>
    <ClCompile Include="hittable_list.cpp">
      <Filter>shapes</Filter>
    </ClCompile>
    <ClCompile Include="default_scene_generator.cpp">
      <Filter>scene</Filter>
    </ClCompile>
  </ItemGroup>
</Project>